
Microsoft Visual Studio Solution File, Format Version 12.00
# Visual Studio 15
VisualStudioVersion = 15.0.28307.438
MinimumVisualStudioVersion = 10.0.40219.1
Project("{FAE04EC0-301F-11D3-BF4B-00C04F79EFBC}") = "kNN", "kNN\kNN.csproj", "{9620E189-20ED-4006-B960-627FD75E8A47}"
EndProject
Project("{FAE04EC0-301F-11D3-BF4B-00C04F79EFBC}") = "kNNFramework", "kNNFramwork\kNNFramework.csproj", "{B6FF5999-7338-4D68-BC8B-6457576566C0}"
EndProject
Global
	GlobalSection(SolutionConfigurationPlatforms) = preSolution
		Debug|Any CPU = Debug|Any CPU
		Release|Any CPU = Release|Any CPU
	EndGlobalSection
	GlobalSection(ProjectConfigurationPlatforms) = postSolution
		{9620E189-20ED-4006-B960-627FD75E8A47}.Debug|Any CPU.ActiveCfg = Debug|Any CPU
		{9620E189-20ED-4006-B960-627FD75E8A47}.Debug|Any CPU.Build.0 = Debug|Any CPU
		{9620E189-20ED-4006-B960-627FD75E8A47}.Release|Any CPU.ActiveCfg = Release|Any CPU
		{9620E189-20ED-4006-B960-627FD75E8A47}.Release|Any CPU.Build.0 = Release|Any CPU
		{B6FF5999-7338-4D68-BC8B-6457576566C0}.Debug|Any CPU.ActiveCfg = Debug|Any CPU
		{B6FF5999-7338-4D68-BC8B-6457576566C0}.Debug|Any CPU.Build.0 = Debug|Any CPU
		{B6FF5999-7338-4D68-BC8B-6457576566C0}.Release|Any CPU.ActiveCfg = Release|Any CPU
		{B6FF5999-7338-4D68-BC8B-6457576566C0}.Release|Any CPU.Build.0 = Release|Any CPU
	EndGlobalSection
	GlobalSection(SolutionProperties) = preSolution
		HideSolutionNode = FALSE
	EndGlobalSection
	GlobalSection(ExtensibilityGlobals) = postSolution
		SolutionGuid = {925EA80E-95B6-453B-8C1B-7B0C120796E3}
	EndGlobalSection
EndGlobal
